
Microsoft Visual Studio Solution File, Format Version 12.00
# Visual Studio Version 17
VisualStudioVersion = 17.14.36221.1 d17.14
MinimumVisualStudioVersion = 10.0.40219.1
Project("{FAE04EC0-301F-11D3-BF4B-00C04F79EFBC}") = "Baculad_CaoExer1", "Baculad_CaoExer1\Baculad_CaoExer1.csproj", "{2D0B9383-B3F0-4C7B-AF43-58B539082166}"
EndProject
Global
	GlobalSection(SolutionConfigurationPlatforms) = preSolution
		Debug|Any CPU = Debug|Any CPU
		Release|Any CPU = Release|Any CPU
	EndGlobalSection
	GlobalSection(ProjectConfigurationPlatforms) = postSolution
		{2D0B9383-B3F0-4C7B-AF43-58B539082166}.Debug|Any CPU.ActiveCfg = Debug|Any CPU
		{2D0B9383-B3F0-4C7B-AF43-58B539082166}.Debug|Any CPU.Build.0 = Debug|Any CPU
		{2D0B9383-B3F0-4C7B-AF43-58B539082166}.Release|Any CPU.ActiveCfg = Release|Any CPU
		{2D0B9383-B3F0-4C7B-AF43-58B539082166}.Release|Any CPU.Build.0 = Release|Any CPU
	EndGlobalSection
	GlobalSection(SolutionProperties) = preSolution
		HideSolutionNode = FALSE
	EndGlobalSection
	GlobalSection(ExtensibilityGlobals) = postSolution
		SolutionGuid = {DE199FD4-B732-4A01-8E17-BD00F7C92D4C}
	EndGlobalSection
EndGlobal
